// !$*UTF8*$!
{
	archiveVersion = 1;
	classes = {
	};
	objectVersion = 46;
	objects = {

/* Begin PBXBuildFile section */
		52D47CB41D529E420026B190 /* AppDelegate.swift in Sources */ = {isa = PBXBuildFile; fileRef = 52D47CB31D529E420026B190 /* AppDelegate.swift */; };
		52D47CB91D529E420026B190 /* Main.storyboard in Resources */ = {isa = PBXBuildFile; fileRef = 52D47CB71D529E420026B190 /* Main.storyboard */; };
		52D47CBC1D529E420026B190 /* WhosThatAgain.xcdatamodeld in Sources */ = {isa = PBXBuildFile; fileRef = 52D47CBA1D529E420026B190 /* WhosThatAgain.xcdatamodeld */; };
		52D47CBE1D529E420026B190 /* Assets.xcassets in Resources */ = {isa = PBXBuildFile; fileRef = 52D47CBD1D529E420026B190 /* Assets.xcassets */; };
		52D47CC11D529E420026B190 /* LaunchScreen.storyboard in Resources */ = {isa = PBXBuildFile; fileRef = 52D47CBF1D529E420026B190 /* LaunchScreen.storyboard */; };
		52D47CC91D52A0C00026B190 /* PersonTableViewCell.swift in Sources */ = {isa = PBXBuildFile; fileRef = 52D47CC81D52A0C00026B190 /* PersonTableViewCell.swift */; };
		52D47CCB1D52A1CE0026B190 /* PeopleViewController.swift in Sources */ = {isa = PBXBuildFile; fileRef = 52D47CCA1D52A1CE0026B190 /* PeopleViewController.swift */; };
		52D47CCD1D52A3A10026B190 /* defaultPersonImage.png in Resources */ = {isa = PBXBuildFile; fileRef = 52D47CCC1D52A3A10026B190 /* defaultPersonImage.png */; };
		52D47CD01D52A3D60026B190 /* Person.swift in Sources */ = {isa = PBXBuildFile; fileRef = 52D47CCF1D52A3D60026B190 /* Person.swift */; };
		52D47CD21D52A7CD0026B190 /* PersonDetailViewController.swift in Sources */ = {isa = PBXBuildFile; fileRef = 52D47CD11D52A7CD0026B190 /* PersonDetailViewController.swift */; };
/* End PBXBuildFile section */

/* Begin PBXFileReference section */
		52D47CB01D529E420026B190 /* WhosThatAgain.app */ = {isa = PBXFileReference; explicitFileType = wrapper.application; includeInIndex = 0; path = WhosThatAgain.app; sourceTree = BUILT_PRODUCTS_DIR; };
		52D47CB31D529E420026B190 /* AppDelegate.swift */ = {isa = PBXFileReference; lastKnownFileType = sourcecode.swift; path = AppDelegate.swift; sourceTree = "<group>"; };
		52D47CB81D529E420026B190 /* Base */ = {isa = PBXFileReference; lastKnownFileType = file.storyboard; name = Base; path = Base.lproj/Main.storyboard; sourceTree = "<group>"; };
		52D47CBB1D529E420026B190 /* WhosThatAgain.xcdatamodel */ = {isa = PBXFileReference; lastKnownFileType = wrapper.xcdatamodel; path = WhosThatAgain.xcdatamodel; sourceTree = "<group>"; };
		52D47CBD1D529E420026B190 /* Assets.xcassets */ = {isa = PBXFileReference; lastKnownFileType = folder.assetcatalog; path = Assets.xcassets; sourceTree = "<group>"; };
		52D47CC01D529E420026B190 /* Base */ = {isa = PBXFileReference; lastKnownFileType = file.storyboard; name = Base; path = Base.lproj/LaunchScreen.storyboard; sourceTree = "<group>"; };
		52D47CC21D529E420026B190 /* Info.plist */ = {isa = PBXFileReference; lastKnownFileType = text.plist.xml; path = Info.plist; sourceTree = "<group>"; };
		52D47CC81D52A0C00026B190 /* PersonTableViewCell.swift */ = {isa = PBXFileReference; fileEncoding = 4; lastKnownFileType = sourcecode.swift; path = PersonTableViewCell.swift; sourceTree = "<group>"; };
		52D47CCA1D52A1CE0026B190 /* PeopleViewController.swift */ = {isa = PBXFileReference; fileEncoding = 4; lastKnownFileType = sourcecode.swift; path = PeopleViewController.swift; sourceTree = "<group>"; };
		52D47CCC1D52A3A10026B190 /* defaultPersonImage.png */ = {isa = PBXFileReference; lastKnownFileType = image.png; path = defaultPersonImage.png; sourceTree = "<group>"; };
		52D47CCF1D52A3D60026B190 /* Person.swift */ = {isa = PBXFileReference; fileEncoding = 4; lastKnownFileType = sourcecode.swift; path = Person.swift; sourceTree = "<group>"; };
		52D47CD11D52A7CD0026B190 /* PersonDetailViewController.swift */ = {isa = PBXFileReference; fileEncoding = 4; lastKnownFileType = sourcecode.swift; path = PersonDetailViewController.swift; sourceTree = "<group>"; };
/* End PBXFileReference section */

/* Begin PBXFrameworksBuildPhase section */
		52D47CAD1D529E420026B190 /* Frameworks */ = {
			isa = PBXFrameworksBuildPhase;
			buildActionMask = 2147483647;
			files = (
			);
			runOnlyForDeploymentPostprocessing = 0;
		};
/* End PBXFrameworksBuildPhase section */

/* Begin PBXGroup section */
		52D47CA71D529E420026B190 = {
			isa = PBXGroup;
			children = (
				52D47CB21D529E420026B190 /* WhosThatAgain */,
				52D47CB11D529E420026B190 /* Products */,
			);
			sourceTree = "<group>";
		};
		52D47CB11D529E420026B190 /* Products */ = {
			isa = PBXGroup;
			children = (
				52D47CB01D529E420026B190 /* WhosThatAgain.app */,
			);
			name = Products;
			sourceTree = "<group>";
		};
		52D47CB21D529E420026B190 /* WhosThatAgain */ = {
			isa = PBXGroup;
			children = (
				52D47CCE1D52A3A40026B190 /* Images */,
				52D47CB31D529E420026B190 /* AppDelegate.swift */,
				52D47CB71D529E420026B190 /* Main.storyboard */,
				52D47CBD1D529E420026B190 /* Assets.xcassets */,
				52D47CBF1D529E420026B190 /* LaunchScreen.storyboard */,
				52D47CC21D529E420026B190 /* Info.plist */,
				52D47CBA1D529E420026B190 /* WhosThatAgain.xcdatamodeld */,
				52D47CC81D52A0C00026B190 /* PersonTableViewCell.swift */,
				52D47CCA1D52A1CE0026B190 /* PeopleViewController.swift */,
				52D47CCF1D52A3D60026B190 /* Person.swift */,
				52D47CD11D52A7CD0026B190 /* PersonDetailViewController.swift */,
			);
			path = WhosThatAgain;
			sourceTree = "<group>";
		};
		52D47CCE1D52A3A40026B190 /* Images */ = {
			isa = PBXGroup;
			children = (
				52D47CCC1D52A3A10026B190 /* defaultPersonImage.png */,
			);
			name = Images;
			sourceTree = "<group>";
		};
/* End PBXGroup section */

/* Begin PBXNativeTarget section */
		52D47CAF1D529E420026B190 /* WhosThatAgain */ = {
			isa = PBXNativeTarget;
			buildConfigurationList = 52D47CC51D529E420026B190 /* Build configuration list for PBXNativeTarget "WhosThatAgain" */;
			buildPhases = (
				52D47CAC1D529E420026B190 /* Sources */,
				52D47CAD1D529E420026B190 /* Frameworks */,
				52D47CAE1D529E420026B190 /* Resources */,
			);
			buildRules = (
			);
			dependencies = (
			);
			name = WhosThatAgain;
			productName = WhosThatAgain;
			productReference = 52D47CB01D529E420026B190 /* WhosThatAgain.app */;
			productType = "com.apple.product-type.application";
		};
/* End PBXNativeTarget section */

/* Begin PBXProject section */
		52D47CA81D529E420026B190 /* Project object */ = {
			isa = PBXProject;
			attributes = {
				LastSwiftUpdateCheck = 0730;
				LastUpgradeCheck = 0730;
				ORGANIZATIONNAME = "John Xiong";
				TargetAttributes = {
					52D47CAF1D529E420026B190 = {
						CreatedOnToolsVersion = 7.3.1;
						DevelopmentTeam = N4X9H9L3T7;
					};
				};
			};
			buildConfigurationList = 52D47CAB1D529E420026B190 /* Build configuration list for PBXProject "WhosThatAgain" */;
			compatibilityVersion = "Xcode 3.2";
			developmentRegion = English;
			hasScannedForEncodings = 0;
			knownRegions = (
				en,
				Base,
			);
			mainGroup = 52D47CA71D529E420026B190;
			productRefGroup = 52D47CB11D529E420026B190 /* Products */;
			projectDirPath = "";
			projectRoot = "";
			targets = (
				52D47CAF1D529E420026B190 /* WhosThatAgain */,
			);
		};
/* End PBXProject section */

/* Begin PBXResourcesBuildPhase section */
		52D47CAE1D529E420026B190 /* Resources */ = {
			isa = PBXResourcesBuildPhase;
			buildActionMask = 2147483647;
			files = (
				52D47CCD1D52A3A10026B190 /* defaultPersonImage.png in Resources */,
				52D47CC11D529E420026B190 /* LaunchScreen.storyboard in Resources */,
				52D47CBE1D529E420026B190 /* Assets.xcassets in Resources */,
				52D47CB91D529E420026B190 /* Main.storyboard in Resources */,
			);
			runOnlyForDeploymentPostprocessing = 0;
		};
/* End PBXResourcesBuildPhase section */

/* Begin PBXSourcesBuildPhase section */
		52D47CAC1D529E420026B190 /* Sources */ = {
			isa = PBXSourcesBuildPhase;
			buildActionMask = 2147483647;
			files = (
				52D47CD01D52A3D60026B190 /* Person.swift in Sources */,
				52D47CC91D52A0C00026B190 /* PersonTableViewCell.swift in Sources */,
				52D47CD21D52A7CD0026B190 /* PersonDetailViewController.swift in Sources */,
				52D47CCB1D52A1CE0026B190 /* PeopleViewController.swift in Sources */,
				52D47CBC1D529E420026B190 /* WhosThatAgain.xcdatamodeld in Sources */,
				52D47CB41D529E420026B190 /* AppDelegate.swift in Sources */,
			);
			runOnlyForDeploymentPostprocessing = 0;
		};
/* End PBXSourcesBuildPhase section */

/* Begin PBXVariantGroup section */
		52D47CB71D529E420026B190 /* Main.storyboard */ = {
			isa = PBXVariantGroup;
			children = (
				52D47CB81D529E420026B190 /* Base */,
			);
			name = Main.storyboard;
			sourceTree = "<group>";
		};
		52D47CBF1D529E420026B190 /* LaunchScreen.storyboard */ = {
			isa = PBXVariantGroup;
			children = (
				52D47CC01D529E420026B190 /* Base */,
			);
			name = LaunchScreen.storyboard;
			sourceTree = "<group>";
		};
/* End PBXVariantGroup section */

/* Begin XCBuildConfiguration section */
		52D47CC31D529E420026B190 /* Debug */ = {
			isa = XCBuildConfiguration;
			buildSettings = {
				ALWAYS_SEARCH_USER_PATHS = NO;
				CLANG_ANALYZER_NONNULL = YES;
				CLANG_CXX_LANGUAGE_STANDARD = "gnu++0x";
				CLANG_CXX_LIBRARY = "libc++";
				CLANG_ENABLE_MODULES = YES;
				CLANG_ENABLE_OBJC_ARC = YES;
				CLANG_WARN_BOOL_CONVERSION = YES;
				CLANG_WARN_CONSTANT_CONVERSION = YES;
				CLANG_WARN_DIRECT_OBJC_ISA_USAGE = YES_ERROR;
				CLANG_WARN_EMPTY_BODY = YES;
				CLANG_WARN_ENUM_CONVERSION = YES;
				CLANG_WARN_INT_CONVERSION = YES;
				CLANG_WARN_OBJC_ROOT_CLASS = YES_ERROR;
				CLANG_WARN_UNREACHABLE_CODE = YES;
				CLANG_WARN__DUPLICATE_METHOD_MATCH = YES;
				"CODE_SIGN_IDENTITY[sdk=iphoneos*]" = "iPhone Developer";
				COPY_PHASE_STRIP = NO;
				DEBUG_INFORMATION_FORMAT = dwarf;
				ENABLE_STRICT_OBJC_MSGSEND = YES;
				ENABLE_TESTABILITY = YES;
				GCC_C_LANGUAGE_STANDARD = gnu99;
				GCC_DYNAMIC_NO_PIC = NO;
				GCC_NO_COMMON_BLOCKS = YES;
				GCC_OPTIMIZATION_LEVEL = 0;
				GCC_PREPROCESSOR_DEFINITIONS = (
					"DEBUG=1",
					"$(inherited)",
				);
				GCC_WARN_64_TO_32_BIT_CONVERSION = YES;
				GCC_WARN_ABOUT_RETURN_TYPE = YES_ERROR;
				GCC_WARN_UNDECLARED_SELECTOR = YES;
				GCC_WARN_UNINITIALIZED_AUTOS = YES_AGGRESSIVE;
				GCC_WARN_UNUSED_FUNCTION = YES;
				GCC_WARN_UNUSED_VARIABLE = YES;
				IPHONEOS_DEPLOYMENT_TARGET = 9.3;
				MTL_ENABLE_DEBUG_INFO = YES;
				ONLY_ACTIVE_ARCH = YES;
				SDKROOT = iphoneos;
				SWIFT_OPTIMIZATION_LEVEL = "-Onone";
			};
			name = Debug;
		};
		52D47CC41D529E420026B190 /* Release */ = {
			isa = XCBuildConfiguration;
			buildSettings = {
				ALWAYS_SEARCH_USER_PATHS = NO;
				CLANG_ANALYZER_NONNULL = YES;
				CLANG_CXX_LANGUAGE_STANDARD = "gnu++0x";
				CLANG_CXX_LIBRARY = "libc++";
				CLANG_ENABLE_MODULES = YES;
				CLANG_ENABLE_OBJC_ARC = YES;
				CLANG_WARN_BOOL_CONVERSION = YES;
				CLANG_WARN_CONSTANT_CONVERSION = YES;
				CLANG_WARN_DIRECT_OBJC_ISA_USAGE = YES_ERROR;
				CLANG_WARN_EMPTY_BODY = YES;
				CLANG_WARN_ENUM_CONVERSION = YES;
				CLANG_WARN_INT_CONVERSION = YES;
				CLANG_WARN_OBJC_ROOT_CLASS = YES_ERROR;
				CLANG_WARN_UNREACHABLE_CODE = YES;
				CLANG_WARN__DUPLICATE_METHOD_MATCH = YES;
				"CODE_SIGN_IDENTITY[sdk=iphoneos*]" = "iPhone Developer";
				COPY_PHASE_STRIP = NO;
				DEBUG_INFORMATION_FORMAT = "dwarf-with-dsym";
				ENABLE_NS_ASSERTIONS = NO;
				ENABLE_STRICT_OBJC_MSGSEND = YES;
				GCC_C_LANGUAGE_STANDARD = gnu99;
				GCC_NO_COMMON_BLOCKS = YES;
				GCC_WARN_64_TO_32_BIT_CONVERSION = YES;
				GCC_WARN_ABOUT_RETURN_TYPE = YES_ERROR;
				GCC_WARN_UNDECLARED_SELECTOR = YES;
				GCC_WARN_UNINITIALIZED_AUTOS = YES_AGGRESSIVE;
				GCC_WARN_UNUSED_FUNCTION = YES;
				GCC_WARN_UNUSED_VARIABLE = YES;
				IPHONEOS_DEPLOYMENT_TARGET = 9.3;
				MTL_ENABLE_DEBUG_INFO = NO;
				SDKROOT = iphoneos;
				VALIDATE_PRODUCT = YES;
			};
			name = Release;
		};
		52D47CC61D529E420026B190 /* Debug */ = {
			isa = XCBuildConfiguration;
			buildSettings = {
				ASSETCATALOG_COMPILER_APPICON_NAME = AppIcon;
				INFOPLIST_FILE = WhosThatAgain/Info.plist;
				LD_RUNPATH_SEARCH_PATHS = "$(inherited) @executable_path/Frameworks";
				PRODUCT_BUNDLE_IDENTIFIER = com.johnxiong.WhosThatAgain;
				PRODUCT_NAME = "$(TARGET_NAME)";
			};
			name = Debug;
		};
		52D47CC71D529E420026B190 /* Release */ = {
			isa = XCBuildConfiguration;
			buildSettings = {
				ASSETCATALOG_COMPILER_APPICON_NAME = AppIcon;
				INFOPLIST_FILE = WhosThatAgain/Info.plist;
				LD_RUNPATH_SEARCH_PATHS = "$(inherited) @executable_path/Frameworks";
				PRODUCT_BUNDLE_IDENTIFIER = com.johnxiong.WhosThatAgain;
				PRODUCT_NAME = "$(TARGET_NAME)";
			};
			name = Release;
		};
/* End XCBuildConfiguration section */

/* Begin XCConfigurationList section */
		52D47CAB1D529E420026B190 /* Build configuration list for PBXProject "WhosThatAgain" */ = {
			isa = XCConfigurationList;
			buildConfigurations = (
				52D47CC31D529E420026B190 /* Debug */,
				52D47CC41D529E420026B190 /* Release */,
			);
			defaultConfigurationIsVisible = 0;
			defaultConfigurationName = Release;
		};
		52D47CC51D529E420026B190 /* Build configuration list for PBXNativeTarget "WhosThatAgain" */ = {
			isa = XCConfigurationList;
			buildConfigurations = (
				52D47CC61D529E420026B190 /* Debug */,
				52D47CC71D529E420026B190 /* Release */,
			);
			defaultConfigurationIsVisible = 0;
		};
/* End XCConfigurationList section */

/* Begin XCVersionGroup section */
		52D47CBA1D529E420026B190 /* WhosThatAgain.xcdatamodeld */ = {
			isa = XCVersionGroup;
			children = (
				52D47CBB1D529E420026B190 /* WhosThatAgain.xcdatamodel */,
			);
			currentVersion = 52D47CBB1D529E420026B190 /* WhosThatAgain.xcdatamodel */;
			path = WhosThatAgain.xcdatamodeld;
			sourceTree = "<group>";
			versionGroupType = wrapper.xcdatamodel;
		};
/* End XCVersionGroup section */
	};
	rootObject = 52D47CA81D529E420026B190 /* Project object */;
}
